Microsoft Visual Studio Solution File, Format Version 12.00
# Visual Studio Version 17
VisualStudioVersion = 17.5.2.0
MinimumVisualStudioVersion = 10.0.40219.1
Project("{FAE04EC0-301F-11D3-BF4B-00C04F79EFBC}") = "desafio-gft-dotnet", "desafio-gft-dotnet.csproj", "{A8E405EF-39A5-7F7F-C19E-706DD44793EE}"
EndProject
Global
	GlobalSection(SolutionConfigurationPlatforms) = preSolution
		Debug|Any CPU = Debug|Any CPU
		Release|Any CPU = Release|Any CPU
	EndGlobalSection
	GlobalSection(ProjectConfigurationPlatforms) = postSolution
		{A8E405EF-39A5-7F7F-C19E-706DD44793EE}.Debug|Any CPU.ActiveCfg = Debug|Any CPU
		{A8E405EF-39A5-7F7F-C19E-706DD44793EE}.Debug|Any CPU.Build.0 = Debug|Any CPU
		{A8E405EF-39A5-7F7F-C19E-706DD44793EE}.Release|Any CPU.ActiveCfg = Release|Any CPU
		{A8E405EF-39A5-7F7F-C19E-706DD44793EE}.Release|Any CPU.Build.0 = Release|Any CPU
	EndGlobalSection
	GlobalSection(SolutionProperties) = preSolution
		HideSolutionNode = FALSE
	EndGlobalSection
	GlobalSection(ExtensibilityGlobals) = postSolution
		SolutionGuid = {84E63C13-C2C8-4FB0-8174-A927FE8A81F6}
	EndGlobalSection
EndGlobal
